
Microsoft Visual Studio Solution File, Format Version 12.00
Project("{FAE04EC0-301F-11D3-BF4B-00C04F79EFBC}") = "Slang.Generator.Core", "Slang.Generator.Core\Slang.Generator.Core.csproj", "{5809F682-EC51-9811-A512-795ABBBF9E21}"
EndProject
Project("{FAE04EC0-301F-11D3-BF4B-00C04F79EFBC}") = "Slang.Generator", "Slang.Generator\Slang.Generator.csproj", "{3A4B646D-0604-AED8-1642-23D08637F353}"
EndProject
Project("{FAE04EC0-301F-11D3-BF4B-00C04F79EFBC}") = "Slang.Runner", "Slang.Runner\Slang.Runner.csproj", "{2F8B8BCC-5F67-0537-0459-735D1781C74A}"
EndProject
Project("{FAE04EC0-301F-11D3-BF4B-00C04F79EFBC}") = "Slang.Shared", "Slang.Shared\Slang.Shared.csproj", "{91641927-147B-FB23-E498-CBFFDCBB1D29}"
EndProject
Project("{FAE04EC0-301F-11D3-BF4B-00C04F79EFBC}") = "Slang.Tests", "Slang.Tests\Slang.Tests.csproj", "{F85C2F00-A8F0-DCAE-40B3-6CAFA2ACEA4B}"
EndProject
Project("{FAE04EC0-301F-11D3-BF4B-00C04F79EFBC}") = "Slang", "Slang\Slang.csproj", "{8FC65231-45BC-3846-861E-77693579E5C3}"
EndProject
Project("{2150E333-8FDC-42A3-9474-1A3956D46DE8}") = "Examples", "Examples", "{B36A84DF-456D-A817-6EDD-3EC3E7F6E11F}"
	ProjectSection(SolutionItems) = preProject
		Examples\README.md = Examples\README.md
		Examples\Directory.Build.props = Examples\Directory.Build.props
	EndProjectSection
EndProject
Project("{FAE04EC0-301F-11D3-BF4B-00C04F79EFBC}") = "Slang.Console", "Examples\Slang.Console\Slang.Console.csproj", "{2DF47CF1-EE56-67A3-165E-8CA18ECA133B}"
EndProject
Project("{FAE04EC0-301F-11D3-BF4B-00C04F79EFBC}") = "Slang.Desktop.Avalonia", "Examples\Slang.Desktop.Avalonia\Slang.Desktop.Avalonia.csproj", "{E6C95533-091C-8D05-B178-0B204476DCBA}"
EndProject
Project("{FAE04EC0-301F-11D3-BF4B-00C04F79EFBC}") = "Slang.WebApi", "Examples\Slang.WebApi\Slang.WebApi.csproj", "{14BF857E-96BF-0A6C-1FD0-7135FBD3C08D}"
EndProject
Project("{2150E333-8FDC-42A3-9474-1A3956D46DE8}") = "Solution Items", "Solution Items", "{089100B1-113F-4E66-888A-E83F3999EAFD}"
	ProjectSection(SolutionItems) = preProject
		README.md = README.md
		Directory.Build.props = Directory.Build.props
	EndProjectSection
EndProject
Project("{2150E333-8FDC-42A3-9474-1A3956D46DE8}") = "Utilities", "Utilities", "{DF572EAA-2BC4-7083-A1C9-E138B4BE775E}"
EndProject
Project("{FAE04EC0-301F-11D3-BF4B-00C04F79EFBC}") = "Slang.Utilities.Core", "Utilities\Slang.Utilities.Core\Slang.Utilities.Core.csproj", "{E4940BF8-6ADC-EE4D-0832-12D4113C5AF3}"
EndProject
Project("{2150E333-8FDC-42A3-9474-1A3956D46DE8}") = "CLI", "CLI", "{E0560124-CF62-2213-72AD-A15742EDEEE7}"
	ProjectSection(SolutionItems) = preProject
		Utilities\CLI\README.md = Utilities\CLI\README.md
	EndProjectSection
EndProject
Project("{FAE04EC0-301F-11D3-BF4B-00C04F79EFBC}") = "Slang.CLI", "Utilities\CLI\Slang.CLI\Slang.CLI.csproj", "{32D19FC6-82E9-45DF-EC9F-35C79A13C647}"
EndProject
Project("{2150E333-8FDC-42A3-9474-1A3956D46DE8}") = "Desktop", "Desktop", "{8A3D9811-1B74-EE40-DAD4-6426832E1BDA}"
EndProject
Project("{FAE04EC0-301F-11D3-BF4B-00C04F79EFBC}") = "Slang.Desktop", "Utilities\Desktop\Slang.Desktop\Slang.Desktop.csproj", "{917AC75E-0BAB-4A86-8871-B4F29EF7B195}"
EndProject
Project("{2150E333-8FDC-42A3-9474-1A3956D46DE8}") = "Gpt", "Gpt", "{DF967749-A283-A6D4-2779-4325AB6D3FE6}"
	ProjectSection(SolutionItems) = preProject
		Utilities\Gpt\README.md = Utilities\Gpt\README.md
	EndProjectSection
EndProject
Project("{FAE04EC0-301F-11D3-BF4B-00C04F79EFBC}") = "Slang.Gpt.Tests", "Utilities\Gpt\Slang.Gpt.Tests\Slang.Gpt.Tests.csproj", "{D432E690-EEFC-17A9-3E3F-1F27876141FF}"
EndProject
Project("{FAE04EC0-301F-11D3-BF4B-00C04F79EFBC}") = "Slang.Gpt", "Utilities\Gpt\Slang.Gpt\Slang.Gpt.csproj", "{FECD01FB-C684-8794-7B60-4D683E64CA82}"
EndProject
Global
	GlobalSection(SolutionConfigurationPlatforms) = preSolution
		Debug|Any CPU = Debug|Any CPU
		Release|Any CPU = Release|Any CPU
	EndGlobalSection
	GlobalSection(ProjectConfigurationPlatforms) = postSolution
		{5809F682-EC51-9811-A512-795ABBBF9E21}.Debug|Any CPU.ActiveCfg = Debug|Any CPU
		{5809F682-EC51-9811-A512-795ABBBF9E21}.Debug|Any CPU.Build.0 = Debug|Any CPU
		{5809F682-EC51-9811-A512-795ABBBF9E21}.Release|Any CPU.ActiveCfg = Release|Any CPU
		{5809F682-EC51-9811-A512-795ABBBF9E21}.Release|Any CPU.Build.0 = Release|Any CPU
		{3A4B646D-0604-AED8-1642-23D08637F353}.Debug|Any CPU.ActiveCfg = Debug|Any CPU
		{3A4B646D-0604-AED8-1642-23D08637F353}.Debug|Any CPU.Build.0 = Debug|Any CPU
		{3A4B646D-0604-AED8-1642-23D08637F353}.Release|Any CPU.ActiveCfg = Release|Any CPU
		{3A4B646D-0604-AED8-1642-23D08637F353}.Release|Any CPU.Build.0 = Release|Any CPU
		{2F8B8BCC-5F67-0537-0459-735D1781C74A}.Debug|Any CPU.ActiveCfg = Debug|Any CPU
		{2F8B8BCC-5F67-0537-0459-735D1781C74A}.Debug|Any CPU.Build.0 = Debug|Any CPU
		{2F8B8BCC-5F67-0537-0459-735D1781C74A}.Release|Any CPU.ActiveCfg = Release|Any CPU
		{2F8B8BCC-5F67-0537-0459-735D1781C74A}.Release|Any CPU.Build.0 = Release|Any CPU
		{91641927-147B-FB23-E498-CBFFDCBB1D29}.Debug|Any CPU.ActiveCfg = Debug|Any CPU
		{91641927-147B-FB23-E498-CBFFDCBB1D29}.Debug|Any CPU.Build.0 = Debug|Any CPU
		{91641927-147B-FB23-E498-CBFFDCBB1D29}.Release|Any CPU.ActiveCfg = Release|Any CPU
		{91641927-147B-FB23-E498-CBFFDCBB1D29}.Release|Any CPU.Build.0 = Release|Any CPU
		{F85C2F00-A8F0-DCAE-40B3-6CAFA2ACEA4B}.Debug|Any CPU.ActiveCfg = Debug|Any CPU
		{F85C2F00-A8F0-DCAE-40B3-6CAFA2ACEA4B}.Debug|Any CPU.Build.0 = Debug|Any CPU
		{F85C2F00-A8F0-DCAE-40B3-6CAFA2ACEA4B}.Release|Any CPU.ActiveCfg = Release|Any CPU
		{F85C2F00-A8F0-DCAE-40B3-6CAFA2ACEA4B}.Release|Any CPU.Build.0 = Release|Any CPU
		{8FC65231-45BC-3846-861E-77693579E5C3}.Debug|Any CPU.ActiveCfg = Debug|Any CPU
		{8FC65231-45BC-3846-861E-77693579E5C3}.Debug|Any CPU.Build.0 = Debug|Any CPU
		{8FC65231-45BC-3846-861E-77693579E5C3}.Release|Any CPU.ActiveCfg = Release|Any CPU
		{8FC65231-45BC-3846-861E-77693579E5C3}.Release|Any CPU.Build.0 = Release|Any CPU
		{2DF47CF1-EE56-67A3-165E-8CA18ECA133B}.Debug|Any CPU.ActiveCfg = Debug|Any CPU
		{2DF47CF1-EE56-67A3-165E-8CA18ECA133B}.Debug|Any CPU.Build.0 = Debug|Any CPU
		{2DF47CF1-EE56-67A3-165E-8CA18ECA133B}.Release|Any CPU.ActiveCfg = Release|Any CPU
		{2DF47CF1-EE56-67A3-165E-8CA18ECA133B}.Release|Any CPU.Build.0 = Release|Any CPU
		{E6C95533-091C-8D05-B178-0B204476DCBA}.Debug|Any CPU.ActiveCfg = Debug|Any CPU
		{E6C95533-091C-8D05-B178-0B204476DCBA}.Debug|Any CPU.Build.0 = Debug|Any CPU
		{E6C95533-091C-8D05-B178-0B204476DCBA}.Release|Any CPU.ActiveCfg = Release|Any CPU
		{E6C95533-091C-8D05-B178-0B204476DCBA}.Release|Any CPU.Build.0 = Release|Any CPU
		{14BF857E-96BF-0A6C-1FD0-7135FBD3C08D}.Debug|Any CPU.ActiveCfg = Debug|Any CPU
		{14BF857E-96BF-0A6C-1FD0-7135FBD3C08D}.Debug|Any CPU.Build.0 = Debug|Any CPU
		{14BF857E-96BF-0A6C-1FD0-7135FBD3C08D}.Release|Any CPU.ActiveCfg = Release|Any CPU
		{14BF857E-96BF-0A6C-1FD0-7135FBD3C08D}.Release|Any CPU.Build.0 = Release|Any CPU
		{E4940BF8-6ADC-EE4D-0832-12D4113C5AF3}.Debug|Any CPU.ActiveCfg = Debug|Any CPU
		{E4940BF8-6ADC-EE4D-0832-12D4113C5AF3}.Debug|Any CPU.Build.0 = Debug|Any CPU
		{E4940BF8-6ADC-EE4D-0832-12D4113C5AF3}.Release|Any CPU.ActiveCfg = Release|Any CPU
		{E4940BF8-6ADC-EE4D-0832-12D4113C5AF3}.Release|Any CPU.Build.0 = Release|Any CPU
		{32D19FC6-82E9-45DF-EC9F-35C79A13C647}.Debug|Any CPU.ActiveCfg = Debug|Any CPU
		{32D19FC6-82E9-45DF-EC9F-35C79A13C647}.Debug|Any CPU.Build.0 = Debug|Any CPU
		{32D19FC6-82E9-45DF-EC9F-35C79A13C647}.Release|Any CPU.ActiveCfg = Release|Any CPU
		{32D19FC6-82E9-45DF-EC9F-35C79A13C647}.Release|Any CPU.Build.0 = Release|Any CPU
		{917AC75E-0BAB-4A86-8871-B4F29EF7B195}.Debug|Any CPU.ActiveCfg = Debug|Any CPU
		{917AC75E-0BAB-4A86-8871-B4F29EF7B195}.Debug|Any CPU.Build.0 = Debug|Any CPU
		{917AC75E-0BAB-4A86-8871-B4F29EF7B195}.Release|Any CPU.ActiveCfg = Release|Any CPU
		{917AC75E-0BAB-4A86-8871-B4F29EF7B195}.Release|Any CPU.Build.0 = Release|Any CPU
		{D432E690-EEFC-17A9-3E3F-1F27876141FF}.Debug|Any CPU.ActiveCfg = Debug|Any CPU
		{D432E690-EEFC-17A9-3E3F-1F27876141FF}.Debug|Any CPU.Build.0 = Debug|Any CPU
		{D432E690-EEFC-17A9-3E3F-1F27876141FF}.Release|Any CPU.ActiveCfg = Release|Any CPU
		{D432E690-EEFC-17A9-3E3F-1F27876141FF}.Release|Any CPU.Build.0 = Release|Any CPU
		{FECD01FB-C684-8794-7B60-4D683E64CA82}.Debug|Any CPU.ActiveCfg = Debug|Any CPU
		{FECD01FB-C684-8794-7B60-4D683E64CA82}.Debug|Any CPU.Build.0 = Debug|Any CPU
		{FECD01FB-C684-8794-7B60-4D683E64CA82}.Release|Any CPU.ActiveCfg = Release|Any CPU
		{FECD01FB-C684-8794-7B60-4D683E64CA82}.Release|Any CPU.Build.0 = Release|Any CPU
	EndGlobalSection
	GlobalSection(NestedProjects) = preSolution
		{2DF47CF1-EE56-67A3-165E-8CA18ECA133B} = {B36A84DF-456D-A817-6EDD-3EC3E7F6E11F}
		{E6C95533-091C-8D05-B178-0B204476DCBA} = {B36A84DF-456D-A817-6EDD-3EC3E7F6E11F}
		{14BF857E-96BF-0A6C-1FD0-7135FBD3C08D} = {B36A84DF-456D-A817-6EDD-3EC3E7F6E11F}
		{E4940BF8-6ADC-EE4D-0832-12D4113C5AF3} = {DF572EAA-2BC4-7083-A1C9-E138B4BE775E}
		{E0560124-CF62-2213-72AD-A15742EDEEE7} = {DF572EAA-2BC4-7083-A1C9-E138B4BE775E}
		{8A3D9811-1B74-EE40-DAD4-6426832E1BDA} = {DF572EAA-2BC4-7083-A1C9-E138B4BE775E}
		{DF967749-A283-A6D4-2779-4325AB6D3FE6} = {DF572EAA-2BC4-7083-A1C9-E138B4BE775E}
		{32D19FC6-82E9-45DF-EC9F-35C79A13C647} = {E0560124-CF62-2213-72AD-A15742EDEEE7}
		{917AC75E-0BAB-4A86-8871-B4F29EF7B195} = {8A3D9811-1B74-EE40-DAD4-6426832E1BDA}
		{D432E690-EEFC-17A9-3E3F-1F27876141FF} = {DF967749-A283-A6D4-2779-4325AB6D3FE6}
		{FECD01FB-C684-8794-7B60-4D683E64CA82} = {DF967749-A283-A6D4-2779-4325AB6D3FE6}
	EndGlobalSection
EndGlobal
