
Microsoft Visual Studio Solution File, Format Version 12.00
Project("{FAE04EC0-301F-11D3-BF4B-00C04F79EFBC}") = "Slang.Generator.Core", "Slang.Generator.Core\Slang.Generator.Core.csproj", "{5809F682-EC51-9811-A512-795ABBBF9E21}"
EndProject
Project("{FAE04EC0-301F-11D3-BF4B-00C04F79EFBC}") = "Slang.Generator", "Slang.Generator\Slang.Generator.csproj", "{3A4B646D-0604-AED8-1642-23D08637F353}"
EndProject
Project("{FAE04EC0-301F-11D3-BF4B-00C04F79EFBC}") = "Slang.Runner", "Slang.Runner\Slang.Runner.csproj", "{2F8B8BCC-5F67-0537-0459-735D1781C74A}"
EndProject
Project("{FAE04EC0-301F-11D3-BF4B-00C04F79EFBC}") = "Slang.Shared", "Slang.Shared\Slang.Shared.csproj", "{91641927-147B-FB23-E498-CBFFDCBB1D29}"
EndProject
Project("{FAE04EC0-301F-11D3-BF4B-00C04F79EFBC}") = "Slang.Tests", "Slang.Tests\Slang.Tests.csproj", "{F85C2F00-A8F0-DCAE-40B3-6CAFA2ACEA4B}"
EndProject
Project("{FAE04EC0-301F-11D3-BF4B-00C04F79EFBC}") = "Slang", "Slang\Slang.csproj", "{8FC65231-45BC-3846-861E-77693579E5C3}"
EndProject
Project("{2150E333-8FDC-42A3-9474-1A3956D46DE8}") = "CLI", "CLI", "{342A349A-D343-8551-4064-2E2800C39E13}"
	ProjectSection(SolutionItems) = preProject
		CLI\README.md = CLI\README.md
	EndProjectSection
EndProject
Project("{FAE04EC0-301F-11D3-BF4B-00C04F79EFBC}") = "Slang.CLI", "CLI\Slang.CLI\Slang.CLI.csproj", "{953D6DEB-C0ED-F010-C709-0F76DF39C204}"
EndProject
Project("{2150E333-8FDC-42A3-9474-1A3956D46DE8}") = "Examples", "Examples", "{B36A84DF-456D-A817-6EDD-3EC3E7F6E11F}"
	ProjectSection(SolutionItems) = preProject
		Examples\README.md = Examples\README.md
		Examples\Directory.Build.props = Examples\Directory.Build.props
	EndProjectSection
EndProject
Project("{FAE04EC0-301F-11D3-BF4B-00C04F79EFBC}") = "Slang.Console", "Examples\Slang.Console\Slang.Console.csproj", "{2DF47CF1-EE56-67A3-165E-8CA18ECA133B}"
EndProject
Project("{FAE04EC0-301F-11D3-BF4B-00C04F79EFBC}") = "Slang.Desktop.Avalonia", "Examples\Slang.Desktop.Avalonia\Slang.Desktop.Avalonia.csproj", "{E6C95533-091C-8D05-B178-0B204476DCBA}"
EndProject
Project("{FAE04EC0-301F-11D3-BF4B-00C04F79EFBC}") = "Slang.WebApi", "Examples\Slang.WebApi\Slang.WebApi.csproj", "{14BF857E-96BF-0A6C-1FD0-7135FBD3C08D}"
EndProject
Project("{2150E333-8FDC-42A3-9474-1A3956D46DE8}") = "Gpt", "Gpt", "{8D932315-8B8A-9EB4-6C42-B470A40E0F61}"
	ProjectSection(SolutionItems) = preProject
		Gpt\README.md = Gpt\README.md
	EndProjectSection
EndProject
Project("{FAE04EC0-301F-11D3-BF4B-00C04F79EFBC}") = "Slang.Gpt.Tests", "Gpt\Slang.Gpt.Tests\Slang.Gpt.Tests.csproj", "{96ACAF3A-7E76-6A8A-E8C9-1A37A04BF4FA}"
EndProject
Project("{FAE04EC0-301F-11D3-BF4B-00C04F79EFBC}") = "Slang.Gpt", "Gpt\Slang.Gpt\Slang.Gpt.csproj", "{44577D97-1120-ECE9-5C7D-8F378A151132}"
EndProject
Project("{2150E333-8FDC-42A3-9474-1A3956D46DE8}") = "Solution Items", "Solution Items", "{089100B1-113F-4E66-888A-E83F3999EAFD}"
	ProjectSection(SolutionItems) = preProject
		README.md = README.md
		Directory.Build.props = Directory.Build.props
	EndProjectSection
EndProject
Global
	GlobalSection(SolutionConfigurationPlatforms) = preSolution
		Debug|Any CPU = Debug|Any CPU
		Release|Any CPU = Release|Any CPU
	EndGlobalSection
	GlobalSection(ProjectConfigurationPlatforms) = postSolution
		{5809F682-EC51-9811-A512-795ABBBF9E21}.Debug|Any CPU.ActiveCfg = Debug|Any CPU
		{5809F682-EC51-9811-A512-795ABBBF9E21}.Debug|Any CPU.Build.0 = Debug|Any CPU
		{5809F682-EC51-9811-A512-795ABBBF9E21}.Release|Any CPU.ActiveCfg = Release|Any CPU
		{5809F682-EC51-9811-A512-795ABBBF9E21}.Release|Any CPU.Build.0 = Release|Any CPU
		{3A4B646D-0604-AED8-1642-23D08637F353}.Debug|Any CPU.ActiveCfg = Debug|Any CPU
		{3A4B646D-0604-AED8-1642-23D08637F353}.Debug|Any CPU.Build.0 = Debug|Any CPU
		{3A4B646D-0604-AED8-1642-23D08637F353}.Release|Any CPU.ActiveCfg = Release|Any CPU
		{3A4B646D-0604-AED8-1642-23D08637F353}.Release|Any CPU.Build.0 = Release|Any CPU
		{2F8B8BCC-5F67-0537-0459-735D1781C74A}.Debug|Any CPU.ActiveCfg = Debug|Any CPU
		{2F8B8BCC-5F67-0537-0459-735D1781C74A}.Debug|Any CPU.Build.0 = Debug|Any CPU
		{2F8B8BCC-5F67-0537-0459-735D1781C74A}.Release|Any CPU.ActiveCfg = Release|Any CPU
		{2F8B8BCC-5F67-0537-0459-735D1781C74A}.Release|Any CPU.Build.0 = Release|Any CPU
		{91641927-147B-FB23-E498-CBFFDCBB1D29}.Debug|Any CPU.ActiveCfg = Debug|Any CPU
		{91641927-147B-FB23-E498-CBFFDCBB1D29}.Debug|Any CPU.Build.0 = Debug|Any CPU
		{91641927-147B-FB23-E498-CBFFDCBB1D29}.Release|Any CPU.ActiveCfg = Release|Any CPU
		{91641927-147B-FB23-E498-CBFFDCBB1D29}.Release|Any CPU.Build.0 = Release|Any CPU
		{F85C2F00-A8F0-DCAE-40B3-6CAFA2ACEA4B}.Debug|Any CPU.ActiveCfg = Debug|Any CPU
		{F85C2F00-A8F0-DCAE-40B3-6CAFA2ACEA4B}.Debug|Any CPU.Build.0 = Debug|Any CPU
		{F85C2F00-A8F0-DCAE-40B3-6CAFA2ACEA4B}.Release|Any CPU.ActiveCfg = Release|Any CPU
		{F85C2F00-A8F0-DCAE-40B3-6CAFA2ACEA4B}.Release|Any CPU.Build.0 = Release|Any CPU
		{8FC65231-45BC-3846-861E-77693579E5C3}.Debug|Any CPU.ActiveCfg = Debug|Any CPU
		{8FC65231-45BC-3846-861E-77693579E5C3}.Debug|Any CPU.Build.0 = Debug|Any CPU
		{8FC65231-45BC-3846-861E-77693579E5C3}.Release|Any CPU.ActiveCfg = Release|Any CPU
		{8FC65231-45BC-3846-861E-77693579E5C3}.Release|Any CPU.Build.0 = Release|Any CPU
		{953D6DEB-C0ED-F010-C709-0F76DF39C204}.Debug|Any CPU.ActiveCfg = Debug|Any CPU
		{953D6DEB-C0ED-F010-C709-0F76DF39C204}.Debug|Any CPU.Build.0 = Debug|Any CPU
		{953D6DEB-C0ED-F010-C709-0F76DF39C204}.Release|Any CPU.ActiveCfg = Release|Any CPU
		{953D6DEB-C0ED-F010-C709-0F76DF39C204}.Release|Any CPU.Build.0 = Release|Any CPU
		{2DF47CF1-EE56-67A3-165E-8CA18ECA133B}.Debug|Any CPU.ActiveCfg = Debug|Any CPU
		{2DF47CF1-EE56-67A3-165E-8CA18ECA133B}.Debug|Any CPU.Build.0 = Debug|Any CPU
		{2DF47CF1-EE56-67A3-165E-8CA18ECA133B}.Release|Any CPU.ActiveCfg = Release|Any CPU
		{2DF47CF1-EE56-67A3-165E-8CA18ECA133B}.Release|Any CPU.Build.0 = Release|Any CPU
		{E6C95533-091C-8D05-B178-0B204476DCBA}.Debug|Any CPU.ActiveCfg = Debug|Any CPU
		{E6C95533-091C-8D05-B178-0B204476DCBA}.Debug|Any CPU.Build.0 = Debug|Any CPU
		{E6C95533-091C-8D05-B178-0B204476DCBA}.Release|Any CPU.ActiveCfg = Release|Any CPU
		{E6C95533-091C-8D05-B178-0B204476DCBA}.Release|Any CPU.Build.0 = Release|Any CPU
		{14BF857E-96BF-0A6C-1FD0-7135FBD3C08D}.Debug|Any CPU.ActiveCfg = Debug|Any CPU
		{14BF857E-96BF-0A6C-1FD0-7135FBD3C08D}.Debug|Any CPU.Build.0 = Debug|Any CPU
		{14BF857E-96BF-0A6C-1FD0-7135FBD3C08D}.Release|Any CPU.ActiveCfg = Release|Any CPU
		{14BF857E-96BF-0A6C-1FD0-7135FBD3C08D}.Release|Any CPU.Build.0 = Release|Any CPU
		{96ACAF3A-7E76-6A8A-E8C9-1A37A04BF4FA}.Debug|Any CPU.ActiveCfg = Debug|Any CPU
		{96ACAF3A-7E76-6A8A-E8C9-1A37A04BF4FA}.Debug|Any CPU.Build.0 = Debug|Any CPU
		{96ACAF3A-7E76-6A8A-E8C9-1A37A04BF4FA}.Release|Any CPU.ActiveCfg = Release|Any CPU
		{96ACAF3A-7E76-6A8A-E8C9-1A37A04BF4FA}.Release|Any CPU.Build.0 = Release|Any CPU
		{44577D97-1120-ECE9-5C7D-8F378A151132}.Debug|Any CPU.ActiveCfg = Debug|Any CPU
		{44577D97-1120-ECE9-5C7D-8F378A151132}.Debug|Any CPU.Build.0 = Debug|Any CPU
		{44577D97-1120-ECE9-5C7D-8F378A151132}.Release|Any CPU.ActiveCfg = Release|Any CPU
		{44577D97-1120-ECE9-5C7D-8F378A151132}.Release|Any CPU.Build.0 = Release|Any CPU
	EndGlobalSection
	GlobalSection(NestedProjects) = preSolution
		{953D6DEB-C0ED-F010-C709-0F76DF39C204} = {342A349A-D343-8551-4064-2E2800C39E13}
		{2DF47CF1-EE56-67A3-165E-8CA18ECA133B} = {B36A84DF-456D-A817-6EDD-3EC3E7F6E11F}
		{E6C95533-091C-8D05-B178-0B204476DCBA} = {B36A84DF-456D-A817-6EDD-3EC3E7F6E11F}
		{14BF857E-96BF-0A6C-1FD0-7135FBD3C08D} = {B36A84DF-456D-A817-6EDD-3EC3E7F6E11F}
		{96ACAF3A-7E76-6A8A-E8C9-1A37A04BF4FA} = {8D932315-8B8A-9EB4-6C42-B470A40E0F61}
		{44577D97-1120-ECE9-5C7D-8F378A151132} = {8D932315-8B8A-9EB4-6C42-B470A40E0F61}
	EndGlobalSection
EndGlobal
